
Microsoft Visual Studio Solution File, Format Version 12.00
# Visual Studio Version 16
VisualStudioVersion = 16.0.29709.97
MinimumVisualStudioVersion = 10.0.40219.1
Project("{FAE04EC0-301F-11D3-BF4B-00C04F79EFBC}") = "HEX TO DEC", "HEX TO DEC\HEX TO DEC.csproj", "{BA2A87AD-1E74-42B2-8E7C-98B3AC963921}"
EndProject
Global
	GlobalSection(SolutionConfigurationPlatforms) = preSolution
		Debug|Any CPU = Debug|Any CPU
		Release|Any CPU = Release|Any CPU
	EndGlobalSection
	GlobalSection(ProjectConfigurationPlatforms) = postSolution
		{BA2A87AD-1E74-42B2-8E7C-98B3AC963921}.Debug|Any CPU.ActiveCfg = Debug|Any CPU
		{BA2A87AD-1E74-42B2-8E7C-98B3AC963921}.Debug|Any CPU.Build.0 = Debug|Any CPU
		{BA2A87AD-1E74-42B2-8E7C-98B3AC963921}.Release|Any CPU.ActiveCfg = Release|Any CPU
		{BA2A87AD-1E74-42B2-8E7C-98B3AC963921}.Release|Any CPU.Build.0 = Release|Any CPU
	EndGlobalSection
	GlobalSection(SolutionProperties) = preSolution
		HideSolutionNode = FALSE
	EndGlobalSection
	GlobalSection(ExtensibilityGlobals) = postSolution
		SolutionGuid = {888687CB-D47E-4FA3-AA36-0B10CBC97185}
	EndGlobalSection
EndGlobal
